
Microsoft Visual Studio Solution File, Format Version 12.00
# Visual Studio Version 16
VisualStudioVersion = 16.0.30621.155
MinimumVisualStudioVersion = 10.0.40219.1
Project("{FAE04EC0-301F-11D3-BF4B-00C04F79EFBC}") = "ASCIIVideos", "ASCIIVideos.csproj", "{CCD510C5-F0BB-4296-A61B-5C7520C72878}"
EndProject
Global
	GlobalSection(SolutionConfigurationPlatforms) = preSolution
		Debug|Any CPU = Debug|Any CPU
		Release|Any CPU = Release|Any CPU
	EndGlobalSection
	GlobalSection(ProjectConfigurationPlatforms) = postSolution
		{CCD510C5-F0BB-4296-A61B-5C7520C72878}.Debug|Any CPU.ActiveCfg = Debug|Any CPU
		{CCD510C5-F0BB-4296-A61B-5C7520C72878}.Debug|Any CPU.Build.0 = Debug|Any CPU
		{CCD510C5-F0BB-4296-A61B-5C7520C72878}.Release|Any CPU.ActiveCfg = Release|Any CPU
		{CCD510C5-F0BB-4296-A61B-5C7520C72878}.Release|Any CPU.Build.0 = Release|Any CPU
	EndGlobalSection
	GlobalSection(SolutionProperties) = preSolution
		HideSolutionNode = FALSE
	EndGlobalSection
	GlobalSection(ExtensibilityGlobals) = postSolution
		SolutionGuid = {6911D930-5653-4075-A629-A178A8A06E4A}
	EndGlobalSection
EndGlobal
